// !$*UTF8*$!
{
	archiveVersion = 1;
	classes = {
	};
	objectVersion = 50;
	objects = {

/* Begin PBXBuildFile section */
		983D6E5525DC1F17001F016F /* AppDelegate.swift in Sources */ = {isa = PBXBuildFile; fileRef = 983D6E5425DC1F17001F016F /* AppDelegate.swift */; };
		983D6E5725DC1F17001F016F /* SceneDelegate.swift in Sources */ = {isa = PBXBuildFile; fileRef = 983D6E5625DC1F17001F016F /* SceneDelegate.swift */; };
		983D6E5925DC1F17001F016F /* ContentView.swift in Sources */ = {isa = PBXBuildFile; fileRef = 983D6E5825DC1F17001F016F /* ContentView.swift */; };
		983D6E5C25DC1F17001F016F /* SwiftUITutorials.xcdatamodeld in Sources */ = {isa = PBXBuildFile; fileRef = 983D6E5A25DC1F17001F016F /* SwiftUITutorials.xcdatamodeld */; };
		983D6E5E25DC1F18001F016F /* Assets.xcassets in Resources */ = {isa = PBXBuildFile; fileRef = 983D6E5D25DC1F18001F016F /* Assets.xcassets */; };
		983D6E6125DC1F18001F016F /* Preview Assets.xcassets in Resources */ = {isa = PBXBuildFile; fileRef = 983D6E6025DC1F18001F016F /* Preview Assets.xcassets */; };
		983D6E6425DC1F18001F016F /* LaunchScreen.storyboard in Resources */ = {isa = PBXBuildFile; fileRef = 983D6E6225DC1F18001F016F /* LaunchScreen.storyboard */; };
		983D6E6F25DC1F19001F016F /* SwiftUITutorialsTests.swift in Sources */ = {isa = PBXBuildFile; fileRef = 983D6E6E25DC1F19001F016F /* SwiftUITutorialsTests.swift */; };
		983D6E7A25DC1F19001F016F /* SwiftUITutorialsUITests.swift in Sources */ = {isa = PBXBuildFile; fileRef = 983D6E7925DC1F19001F016F /* SwiftUITutorialsUITests.swift */; };
		983D6E8E25DC1F2D001F016F /* Home.swift in Sources */ = {isa = PBXBuildFile; fileRef = 983D6E8B25DC1F2D001F016F /* Home.swift */; };
		983D6E8F25DC1F2D001F016F /* RedactedView.swift in Sources */ = {isa = PBXBuildFile; fileRef = 983D6E8C25DC1F2D001F016F /* RedactedView.swift */; };
		983D6E9025DC1F2D001F016F /* CircularPlane.swift in Sources */ = {isa = PBXBuildFile; fileRef = 983D6E8D25DC1F2D001F016F /* CircularPlane.swift */; };
/* End PBXBuildFile section */

/* Begin PBXContainerItemProxy section */
		983D6E6B25DC1F19001F016F /* PBXContainerItemProxy */ = {
			isa = PBXContainerItemProxy;
			containerPortal = 983D6E4925DC1F17001F016F /* Project object */;
			proxyType = 1;
			remoteGlobalIDString = 983D6E5025DC1F17001F016F;
			remoteInfo = SwiftUITutorials;
		};
		983D6E7625DC1F19001F016F /* PBXContainerItemProxy */ = {
			isa = PBXContainerItemProxy;
			containerPortal = 983D6E4925DC1F17001F016F /* Project object */;
			proxyType = 1;
			remoteGlobalIDString = 983D6E5025DC1F17001F016F;
			remoteInfo = SwiftUITutorials;
		};
/* End PBXContainerItemProxy section */

/* Begin PBXFileReference section */
		983D6E5125DC1F17001F016F /* SwiftUITutorials.app */ = {isa = PBXFileReference; explicitFileType = wrapper.application; includeInIndex = 0; path = SwiftUITutorials.app; sourceTree = BUILT_PRODUCTS_DIR; };
		983D6E5425DC1F17001F016F /* AppDelegate.swift */ = {isa = PBXFileReference; lastKnownFileType = sourcecode.swift; path = AppDelegate.swift; sourceTree = "<group>"; };
		983D6E5625DC1F17001F016F /* SceneDelegate.swift */ = {isa = PBXFileReference; lastKnownFileType = sourcecode.swift; path = SceneDelegate.swift; sourceTree = "<group>"; };
		983D6E5825DC1F17001F016F /* ContentView.swift */ = {isa = PBXFileReference; lastKnownFileType = sourcecode.swift; path = ContentView.swift; sourceTree = "<group>"; };
		983D6E5B25DC1F17001F016F /* SwiftUITutorials.xcdatamodel */ = {isa = PBXFileReference; lastKnownFileType = wrapper.xcdatamodel; path = SwiftUITutorials.xcdatamodel; sourceTree = "<group>"; };
		983D6E5D25DC1F18001F016F /* Assets.xcassets */ = {isa = PBXFileReference; lastKnownFileType = folder.assetcatalog; path = Assets.xcassets; sourceTree = "<group>"; };
		983D6E6025DC1F18001F016F /* Preview Assets.xcassets */ = {isa = PBXFileReference; lastKnownFileType = folder.assetcatalog; path = "Preview Assets.xcassets"; sourceTree = "<group>"; };
		983D6E6325DC1F18001F016F /* Base */ = {isa = PBXFileReference; lastKnownFileType = file.storyboard; name = Base; path = Base.lproj/LaunchScreen.storyboard; sourceTree = "<group>"; };
		983D6E6525DC1F18001F016F /* Info.plist */ = {isa = PBXFileReference; lastKnownFileType = text.plist.xml; path = Info.plist; sourceTree = "<group>"; };
		983D6E6A25DC1F19001F016F /* SwiftUITutorialsTests.xctest */ = {isa = PBXFileReference; explicitFileType = wrapper.cfbundle; includeInIndex = 0; path = SwiftUITutorialsTests.xctest; sourceTree = BUILT_PRODUCTS_DIR; };
		983D6E6E25DC1F19001F016F /* SwiftUITutorialsTests.swift */ = {isa = PBXFileReference; lastKnownFileType = sourcecode.swift; path = SwiftUITutorialsTests.swift; sourceTree = "<group>"; };
		983D6E7025DC1F19001F016F /* Info.plist */ = {isa = PBXFileReference; lastKnownFileType = text.plist.xml; path = Info.plist; sourceTree = "<group>"; };
		983D6E7525DC1F19001F016F /* SwiftUITutorialsUITests.xctest */ = {isa = PBXFileReference; explicitFileType = wrapper.cfbundle; includeInIndex = 0; path = SwiftUITutorialsUITests.xctest; sourceTree = BUILT_PRODUCTS_DIR; };
		983D6E7925DC1F19001F016F /* SwiftUITutorialsUITests.swift */ = {isa = PBXFileReference; lastKnownFileType = sourcecode.swift; path = SwiftUITutorialsUITests.swift; sourceTree = "<group>"; };
		983D6E7B25DC1F19001F016F /* Info.plist */ = {isa = PBXFileReference; lastKnownFileType = text.plist.xml; path = Info.plist; sourceTree = "<group>"; };
		983D6E8B25DC1F2D001F016F /* Home.swift */ = {isa = PBXFileReference; fileEncoding = 4; lastKnownFileType = sourcecode.swift; path = Home.swift; sourceTree = "<group>"; };
		983D6E8C25DC1F2D001F016F /* RedactedView.swift */ = {isa = PBXFileReference; fileEncoding = 4; lastKnownFileType = sourcecode.swift; path = RedactedView.swift; sourceTree = "<group>"; };
		983D6E8D25DC1F2D001F016F /* CircularPlane.swift */ = {isa = PBXFileReference; fileEncoding = 4; lastKnownFileType = sourcecode.swift; path = CircularPlane.swift; sourceTree = "<group>"; };
/* End PBXFileReference section */

/* Begin PBXFrameworksBuildPhase section */
		983D6E4E25DC1F17001F016F /* Frameworks */ = {
			isa = PBXFrameworksBuildPhase;
			buildActionMask = 2147483647;
			files = (
			);
			runOnlyForDeploymentPostprocessing = 0;
		};
		983D6E6725DC1F19001F016F /* Frameworks */ = {
			isa = PBXFrameworksBuildPhase;
			buildActionMask = 2147483647;
			files = (
			);
			runOnlyForDeploymentPostprocessing = 0;
		};
		983D6E7225DC1F19001F016F /* Frameworks */ = {
			isa = PBXFrameworksBuildPhase;
			buildActionMask = 2147483647;
			files = (
			);
			runOnlyForDeploymentPostprocessing = 0;
		};
/* End PBXFrameworksBuildPhase section */

/* Begin PBXGroup section */
		983D6E4825DC1F17001F016F = {
			isa = PBXGroup;
			children = (
				983D6E5325DC1F17001F016F /* SwiftUITutorials */,
				983D6E6D25DC1F19001F016F /* SwiftUITutorialsTests */,
				983D6E7825DC1F19001F016F /* SwiftUITutorialsUITests */,
				983D6E5225DC1F17001F016F /* Products */,
			);
			sourceTree = "<group>";
		};
		983D6E5225DC1F17001F016F /* Products */ = {
			isa = PBXGroup;
			children = (
				983D6E5125DC1F17001F016F /* SwiftUITutorials.app */,
				983D6E6A25DC1F19001F016F /* SwiftUITutorialsTests.xctest */,
				983D6E7525DC1F19001F016F /* SwiftUITutorialsUITests.xctest */,
			);
			name = Products;
			sourceTree = "<group>";
		};
		983D6E5325DC1F17001F016F /* SwiftUITutorials */ = {
			isa = PBXGroup;
			children = (
				983D6E8A25DC1F2D001F016F /* Views */,
				983D6E5425DC1F17001F016F /* AppDelegate.swift */,
				983D6E5625DC1F17001F016F /* SceneDelegate.swift */,
				983D6E5825DC1F17001F016F /* ContentView.swift */,
				983D6E5D25DC1F18001F016F /* Assets.xcassets */,
				983D6E6225DC1F18001F016F /* LaunchScreen.storyboard */,
				983D6E6525DC1F18001F016F /* Info.plist */,
				983D6E5A25DC1F17001F016F /* SwiftUITutorials.xcdatamodeld */,
				983D6E5F25DC1F18001F016F /* Preview Content */,
			);
			path = SwiftUITutorials;
			sourceTree = "<group>";
		};
		983D6E5F25DC1F18001F016F /* Preview Content */ = {
			isa = PBXGroup;
			children = (
				983D6E6025DC1F18001F016F /* Preview Assets.xcassets */,
			);
			path = "Preview Content";
			sourceTree = "<group>";
		};
		983D6E6D25DC1F19001F016F /* SwiftUITutorialsTests */ = {
			isa = PBXGroup;
			children = (
				983D6E6E25DC1F19001F016F /* SwiftUITutorialsTests.swift */,
				983D6E7025DC1F19001F016F /* Info.plist */,
			);
			path = SwiftUITutorialsTests;
			sourceTree = "<group>";
		};
		983D6E7825DC1F19001F016F /* SwiftUITutorialsUITests */ = {
			isa = PBXGroup;
			children = (
				983D6E7925DC1F19001F016F /* SwiftUITutorialsUITests.swift */,
				983D6E7B25DC1F19001F016F /* Info.plist */,
			);
			path = SwiftUITutorialsUITests;
			sourceTree = "<group>";
		};
		983D6E8A25DC1F2D001F016F /* Views */ = {
			isa = PBXGroup;
			children = (
				983D6E8B25DC1F2D001F016F /* Home.swift */,
				983D6E8C25DC1F2D001F016F /* RedactedView.swift */,
				983D6E8D25DC1F2D001F016F /* CircularPlane.swift */,
			);
			path = Views;
			sourceTree = "<group>";
		};
/* End PBXGroup section */

/* Begin PBXNativeTarget section */
		983D6E5025DC1F17001F016F /* SwiftUITutorials */ = {
			isa = PBXNativeTarget;
			buildConfigurationList = 983D6E7E25DC1F19001F016F /* Build configuration list for PBXNativeTarget "SwiftUITutorials" */;
			buildPhases = (
				983D6E4D25DC1F17001F016F /* Sources */,
				983D6E4E25DC1F17001F016F /* Frameworks */,
				983D6E4F25DC1F17001F016F /* Resources */,
			);
			buildRules = (
			);
			dependencies = (
			);
			name = SwiftUITutorials;
			productName = SwiftUITutorials;
			productReference = 983D6E5125DC1F17001F016F /* SwiftUITutorials.app */;
			productType = "com.apple.product-type.application";
		};
		983D6E6925DC1F19001F016F /* SwiftUITutorialsTests */ = {
			isa = PBXNativeTarget;
			buildConfigurationList = 983D6E8125DC1F19001F016F /* Build configuration list for PBXNativeTarget "SwiftUITutorialsTests" */;
			buildPhases = (
				983D6E6625DC1F19001F016F /* Sources */,
				983D6E6725DC1F19001F016F /* Frameworks */,
				983D6E6825DC1F19001F016F /* Resources */,
			);
			buildRules = (
			);
			dependencies = (
				983D6E6C25DC1F19001F016F /* PBXTargetDependency */,
			);
			name = SwiftUITutorialsTests;
			productName = SwiftUITutorialsTests;
			productReference = 983D6E6A25DC1F19001F016F /* SwiftUITutorialsTests.xctest */;
			productType = "com.apple.product-type.bundle.unit-test";
		};
		983D6E7425DC1F19001F016F /* SwiftUITutorialsUITests */ = {
			isa = PBXNativeTarget;
			buildConfigurationList = 983D6E8425DC1F19001F016F /* Build configuration list for PBXNativeTarget "SwiftUITutorialsUITests" */;
			buildPhases = (
				983D6E7125DC1F19001F016F /* Sources */,
				983D6E7225DC1F19001F016F /* Frameworks */,
				983D6E7325DC1F19001F016F /* Resources */,
			);
			buildRules = (
			);
			dependencies = (
				983D6E7725DC1F19001F016F /* PBXTargetDependency */,
			);
			name = SwiftUITutorialsUITests;
			productName = SwiftUITutorialsUITests;
			productReference = 983D6E7525DC1F19001F016F /* SwiftUITutorialsUITests.xctest */;
			productType = "com.apple.product-type.bundle.ui-testing";
		};
/* End PBXNativeTarget section */

/* Begin PBXProject section */
		983D6E4925DC1F17001F016F /* Project object */ = {
			isa = PBXProject;
			attributes = {
				LastSwiftUpdateCheck = 1230;
				LastUpgradeCheck = 1230;
				TargetAttributes = {
					983D6E5025DC1F17001F016F = {
						CreatedOnToolsVersion = 12.3;
					};
					983D6E6925DC1F19001F016F = {
						CreatedOnToolsVersion = 12.3;
						TestTargetID = 983D6E5025DC1F17001F016F;
					};
					983D6E7425DC1F19001F016F = {
						CreatedOnToolsVersion = 12.3;
						TestTargetID = 983D6E5025DC1F17001F016F;
					};
				};
			};
			buildConfigurationList = 983D6E4C25DC1F17001F016F /* Build configuration list for PBXProject "SwiftUITutorials" */;
			compatibilityVersion = "Xcode 9.3";
			developmentRegion = en;
			hasScannedForEncodings = 0;
			knownRegions = (
				en,
				Base,
			);
			mainGroup = 983D6E4825DC1F17001F016F;
			productRefGroup = 983D6E5225DC1F17001F016F /* Products */;
			projectDirPath = "";
			projectRoot = "";
			targets = (
				983D6E5025DC1F17001F016F /* SwiftUITutorials */,
				983D6E6925DC1F19001F016F /* SwiftUITutorialsTests */,
				983D6E7425DC1F19001F016F /* SwiftUITutorialsUITests */,
			);
		};
/* End PBXProject section */

/* Begin PBXResourcesBuildPhase section */
		983D6E4F25DC1F17001F016F /* Resources */ = {
			isa = PBXResourcesBuildPhase;
			buildActionMask = 2147483647;
			files = (
				983D6E6425DC1F18001F016F /* LaunchScreen.storyboard in Resources */,
				983D6E6125DC1F18001F016F /* Preview Assets.xcassets in Resources */,
				983D6E5E25DC1F18001F016F /* Assets.xcassets in Resources */,
			);
			runOnlyForDeploymentPostprocessing = 0;
		};
		983D6E6825DC1F19001F016F /* Resources */ = {
			isa = PBXResourcesBuildPhase;
			buildActionMask = 2147483647;
			files = (
			);
			runOnlyForDeploymentPostprocessing = 0;
		};
		983D6E7325DC1F19001F016F /* Resources */ = {
			isa = PBXResourcesBuildPhase;
			buildActionMask = 2147483647;
			files = (
			);
			runOnlyForDeploymentPostprocessing = 0;
		};
/* End PBXResourcesBuildPhase section */

/* Begin PBXSourcesBuildPhase section */
		983D6E4D25DC1F17001F016F /* Sources */ = {
			isa = PBXSourcesBuildPhase;
			buildActionMask = 2147483647;
			files = (
				983D6E5525DC1F17001F016F /* AppDelegate.swift in Sources */,
				983D6E5725DC1F17001F016F /* SceneDelegate.swift in Sources */,
				983D6E8E25DC1F2D001F016F /* Home.swift in Sources */,
				983D6E5925DC1F17001F016F /* ContentView.swift in Sources */,
				983D6E8F25DC1F2D001F016F /* RedactedView.swift in Sources */,
				983D6E5C25DC1F17001F016F /* SwiftUITutorials.xcdatamodeld in Sources */,
				983D6E9025DC1F2D001F016F /* CircularPlane.swift in Sources */,
			);
			runOnlyForDeploymentPostprocessing = 0;
		};
		983D6E6625DC1F19001F016F /* Sources */ = {
			isa = PBXSourcesBuildPhase;
			buildActionMask = 2147483647;
			files = (
				983D6E6F25DC1F19001F016F /* SwiftUITutorialsTests.swift in Sources */,
			);
			runOnlyForDeploymentPostprocessing = 0;
		};
		983D6E7125DC1F19001F016F /* Sources */ = {
			isa = PBXSourcesBuildPhase;
			buildActionMask = 2147483647;
			files = (
				983D6E7A25DC1F19001F016F /* SwiftUITutorialsUITests.swift in Sources */,
			);
			runOnlyForDeploymentPostprocessing = 0;
		};
/* End PBXSourcesBuildPhase section */

/* Begin PBXTargetDependency section */
		983D6E6C25DC1F19001F016F /* PBXTargetDependency */ = {
			isa = PBXTargetDependency;
			target = 983D6E5025DC1F17001F016F /* SwiftUITutorials */;
			targetProxy = 983D6E6B25DC1F19001F016F /* PBXContainerItemProxy */;
		};
		983D6E7725DC1F19001F016F /* PBXTargetDependency */ = {
			isa = PBXTargetDependency;
			target = 983D6E5025DC1F17001F016F /* SwiftUITutorials */;
			targetProxy = 983D6E7625DC1F19001F016F /* PBXContainerItemProxy */;
		};
/* End PBXTargetDependency section */

/* Begin PBXVariantGroup section */
		983D6E6225DC1F18001F016F /* LaunchScreen.storyboard */ = {
			isa = PBXVariantGroup;
			children = (
				983D6E6325DC1F18001F016F /* Base */,
			);
			name = LaunchScreen.storyboard;
			sourceTree = "<group>";
		};
/* End PBXVariantGroup section */

/* Begin XCBuildConfiguration section */
		983D6E7C25DC1F19001F016F /* Debug */ = {
			isa = XCBuildConfiguration;
			buildSettings = {
				ALWAYS_SEARCH_USER_PATHS = NO;
				CLANG_ANALYZER_NONNULL = YES;
				CLANG_ANALYZER_NUMBER_OBJECT_CONVERSION = YES_AGGRESSIVE;
				CLANG_CXX_LANGUAGE_STANDARD = "gnu++14";
				CLANG_CXX_LIBRARY = "libc++";
				CLANG_ENABLE_MODULES = YES;
				CLANG_ENABLE_OBJC_ARC = YES;
				CLANG_ENABLE_OBJC_WEAK = YES;
				CLANG_WARN_BLOCK_CAPTURE_AUTORELEASING = YES;
				CLANG_WARN_BOOL_CONVERSION = YES;
				CLANG_WARN_COMMA = YES;
				CLANG_WARN_CONSTANT_CONVERSION = YES;
				CLANG_WARN_DEPRECATED_OBJC_IMPLEMENTATIONS = YES;
				CLANG_WARN_DIRECT_OBJC_ISA_USAGE = YES_ERROR;
				CLANG_WARN_DOCUMENTATION_COMMENTS = YES;
				CLANG_WARN_EMPTY_BODY = YES;
				CLANG_WARN_ENUM_CONVERSION = YES;
				CLANG_WARN_INFINITE_RECURSION = YES;
				CLANG_WARN_INT_CONVERSION = YES;
				CLANG_WARN_NON_LITERAL_NULL_CONVERSION = YES;
				CLANG_WARN_OBJC_IMPLICIT_RETAIN_SELF = YES;
				CLANG_WARN_OBJC_LITERAL_CONVERSION = YES;
				CLANG_WARN_OBJC_ROOT_CLASS = YES_ERROR;
				CLANG_WARN_QUOTED_INCLUDE_IN_FRAMEWORK_HEADER = YES;
				CLANG_WARN_RANGE_LOOP_ANALYSIS = YES;
				CLANG_WARN_STRICT_PROTOTYPES = YES;
				CLANG_WARN_SUSPICIOUS_MOVE = YES;
				CLANG_WARN_UNGUARDED_AVAILABILITY = YES_AGGRESSIVE;
				CLANG_WARN_UNREACHABLE_CODE = YES;
				CLANG_WARN__DUPLICATE_METHOD_MATCH = YES;
				COPY_PHASE_STRIP = NO;
				DEBUG_INFORMATION_FORMAT = dwarf;
				ENABLE_STRICT_OBJC_MSGSEND = YES;
				ENABLE_TESTABILITY = YES;
				GCC_C_LANGUAGE_STANDARD = gnu11;
				GCC_DYNAMIC_NO_PIC = NO;
				GCC_NO_COMMON_BLOCKS = YES;
				GCC_OPTIMIZATION_LEVEL = 0;
				GCC_PREPROCESSOR_DEFINITIONS = (
					"DEBUG=1",
					"$(inherited)",
				);
				GCC_WARN_64_TO_32_BIT_CONVERSION = YES;
				GCC_WARN_ABOUT_RETURN_TYPE = YES_ERROR;
				GCC_WARN_UNDECLARED_SELECTOR = YES;
				GCC_WARN_UNINITIALIZED_AUTOS = YES_AGGRESSIVE;
				GCC_WARN_UNUSED_FUNCTION = YES;
				GCC_WARN_UNUSED_VARIABLE = YES;
				IPHONEOS_DEPLOYMENT_TARGET = 14.3;
				MTL_ENABLE_DEBUG_INFO = INCLUDE_SOURCE;
				MTL_FAST_MATH = YES;
				ONLY_ACTIVE_ARCH = YES;
				SDKROOT = iphoneos;
				SWIFT_ACTIVE_COMPILATION_CONDITIONS = DEBUG;
				SWIFT_OPTIMIZATION_LEVEL = "-Onone";
			};
			name = Debug;
		};
		983D6E7D25DC1F19001F016F /* Release */ = {
			isa = XCBuildConfiguration;
			buildSettings = {
				ALWAYS_SEARCH_USER_PATHS = NO;
				CLANG_ANALYZER_NONNULL = YES;
				CLANG_ANALYZER_NUMBER_OBJECT_CONVERSION = YES_AGGRESSIVE;
				CLANG_CXX_LANGUAGE_STANDARD = "gnu++14";
				CLANG_CXX_LIBRARY = "libc++";
				CLANG_ENABLE_MODULES = YES;
				CLANG_ENABLE_OBJC_ARC = YES;
				CLANG_ENABLE_OBJC_WEAK = YES;
				CLANG_WARN_BLOCK_CAPTURE_AUTORELEASING = YES;
				CLANG_WARN_BOOL_CONVERSION = YES;
				CLANG_WARN_COMMA = YES;
				CLANG_WARN_CONSTANT_CONVERSION = YES;
				CLANG_WARN_DEPRECATED_OBJC_IMPLEMENTATIONS = YES;
				CLANG_WARN_DIRECT_OBJC_ISA_USAGE = YES_ERROR;
				CLANG_WARN_DOCUMENTATION_COMMENTS = YES;
				CLANG_WARN_EMPTY_BODY = YES;
				CLANG_WARN_ENUM_CONVERSION = YES;
				CLANG_WARN_INFINITE_RECURSION = YES;
				CLANG_WARN_INT_CONVERSION = YES;
				CLANG_WARN_NON_LITERAL_NULL_CONVERSION = YES;
				CLANG_WARN_OBJC_IMPLICIT_RETAIN_SELF = YES;
				CLANG_WARN_OBJC_LITERAL_CONVERSION = YES;
				CLANG_WARN_OBJC_ROOT_CLASS = YES_ERROR;
				CLANG_WARN_QUOTED_INCLUDE_IN_FRAMEWORK_HEADER = YES;
				CLANG_WARN_RANGE_LOOP_ANALYSIS = YES;
				CLANG_WARN_STRICT_PROTOTYPES = YES;
				CLANG_WARN_SUSPICIOUS_MOVE = YES;
				CLANG_WARN_UNGUARDED_AVAILABILITY = YES_AGGRESSIVE;
				CLANG_WARN_UNREACHABLE_CODE = YES;
				CLANG_WARN__DUPLICATE_METHOD_MATCH = YES;
				COPY_PHASE_STRIP = NO;
				DEBUG_INFORMATION_FORMAT = "dwarf-with-dsym";
				ENABLE_NS_ASSERTIONS = NO;
				ENABLE_STRICT_OBJC_MSGSEND = YES;
				GCC_C_LANGUAGE_STANDARD = gnu11;
				GCC_NO_COMMON_BLOCKS = YES;
				GCC_WARN_64_TO_32_BIT_CONVERSION = YES;
				GCC_WARN_ABOUT_RETURN_TYPE = YES_ERROR;
				GCC_WARN_UNDECLARED_SELECTOR = YES;
				GCC_WARN_UNINITIALIZED_AUTOS = YES_AGGRESSIVE;
				GCC_WARN_UNUSED_FUNCTION = YES;
				GCC_WARN_UNUSED_VARIABLE = YES;
				IPHONEOS_DEPLOYMENT_TARGET = 14.3;
				MTL_ENABLE_DEBUG_INFO = NO;
				MTL_FAST_MATH = YES;
				SDKROOT = iphoneos;
				SWIFT_COMPILATION_MODE = wholemodule;
				SWIFT_OPTIMIZATION_LEVEL = "-O";
				VALIDATE_PRODUCT = YES;
			};
			name = Release;
		};
		983D6E7F25DC1F19001F016F /* Debug */ = {
			isa = XCBuildConfiguration;
			buildSettings = {
				ASSETCATALOG_COMPILER_APPICON_NAME = AppIcon;
				ASSETCATALOG_COMPILER_GLOBAL_ACCENT_COLOR_NAME = AccentColor;
				CODE_SIGN_STYLE = Automatic;
				DEVELOPMENT_ASSET_PATHS = "\"SwiftUITutorials/Preview Content\"";
				ENABLE_PREVIEWS = YES;
				INFOPLIST_FILE = SwiftUITutorials/Info.plist;
				IPHONEOS_DEPLOYMENT_TARGET = 14.0;
				LD_RUNPATH_SEARCH_PATHS = (
					"$(inherited)",
					"@executable_path/Frameworks",
				);
				PRODUCT_BUNDLE_IDENTIFIER = com.fitclub.SwiftUITutorials;
				PRODUCT_NAME = "$(TARGET_NAME)";
				SWIFT_VERSION = 5.0;
				TARGETED_DEVICE_FAMILY = "1,2";
			};
			name = Debug;
		};
		983D6E8025DC1F19001F016F /* Release */ = {
			isa = XCBuildConfiguration;
			buildSettings = {
				ASSETCATALOG_COMPILER_APPICON_NAME = AppIcon;
				ASSETCATALOG_COMPILER_GLOBAL_ACCENT_COLOR_NAME = AccentColor;
				CODE_SIGN_STYLE = Automatic;
				DEVELOPMENT_ASSET_PATHS = "\"SwiftUITutorials/Preview Content\"";
				ENABLE_PREVIEWS = YES;
				INFOPLIST_FILE = SwiftUITutorials/Info.plist;
				IPHONEOS_DEPLOYMENT_TARGET = 14.0;
				LD_RUNPATH_SEARCH_PATHS = (
					"$(inherited)",
					"@executable_path/Frameworks",
				);
				PRODUCT_BUNDLE_IDENTIFIER = com.fitclub.SwiftUITutorials;
				PRODUCT_NAME = "$(TARGET_NAME)";
				SWIFT_VERSION = 5.0;
				TARGETED_DEVICE_FAMILY = "1,2";
			};
			name = Release;
		};
		983D6E8225DC1F19001F016F /* Debug */ = {
			isa = XCBuildConfiguration;
			buildSettings = {
				ALWAYS_EMBED_SWIFT_STANDARD_LIBRARIES = YES;
				BUNDLE_LOADER = "$(TEST_HOST)";
				CODE_SIGN_STYLE = Automatic;
				INFOPLIST_FILE = SwiftUITutorialsTests/Info.plist;
				IPHONEOS_DEPLOYMENT_TARGET = 14.3;
				LD_RUNPATH_SEARCH_PATHS = (
					"$(inherited)",
					"@executable_path/Frameworks",
					"@loader_path/Frameworks",
				);
				PRODUCT_BUNDLE_IDENTIFIER = com.fitclub.SwiftUITutorialsTests;
				PRODUCT_NAME = "$(TARGET_NAME)";
				SWIFT_VERSION = 5.0;
				TARGETED_DEVICE_FAMILY = "1,2";
				TEST_HOST = "$(BUILT_PRODUCTS_DIR)/SwiftUITutorials.app/SwiftUITutorials";
			};
			name = Debug;
		};
		983D6E8325DC1F19001F016F /* Release */ = {
			isa = XCBuildConfiguration;
			buildSettings = {
				ALWAYS_EMBED_SWIFT_STANDARD_LIBRARIES = YES;
				BUNDLE_LOADER = "$(TEST_HOST)";
				CODE_SIGN_STYLE = Automatic;
				INFOPLIST_FILE = SwiftUITutorialsTests/Info.plist;
				IPHONEOS_DEPLOYMENT_TARGET = 14.3;
				LD_RUNPATH_SEARCH_PATHS = (
					"$(inherited)",
					"@executable_path/Frameworks",
					"@loader_path/Frameworks",
				);
				PRODUCT_BUNDLE_IDENTIFIER = com.fitclub.SwiftUITutorialsTests;
				PRODUCT_NAME = "$(TARGET_NAME)";
				SWIFT_VERSION = 5.0;
				TARGETED_DEVICE_FAMILY = "1,2";
				TEST_HOST = "$(BUILT_PRODUCTS_DIR)/SwiftUITutorials.app/SwiftUITutorials";
			};
			name = Release;
		};
		983D6E8525DC1F19001F016F /* Debug */ = {
			isa = XCBuildConfiguration;
			buildSettings = {
				ALWAYS_EMBED_SWIFT_STANDARD_LIBRARIES = YES;
				CODE_SIGN_STYLE = Automatic;
				INFOPLIST_FILE = SwiftUITutorialsUITests/Info.plist;
				LD_RUNPATH_SEARCH_PATHS = (
					"$(inherited)",
					"@executable_path/Frameworks",
					"@loader_path/Frameworks",
				);
				PRODUCT_BUNDLE_IDENTIFIER = com.fitclub.SwiftUITutorialsUITests;
				PRODUCT_NAME = "$(TARGET_NAME)";
				SWIFT_VERSION = 5.0;
				TARGETED_DEVICE_FAMILY = "1,2";
				TEST_TARGET_NAME = SwiftUITutorials;
			};
			name = Debug;
		};
		983D6E8625DC1F19001F016F /* Release */ = {
			isa = XCBuildConfiguration;
			buildSettings = {
				ALWAYS_EMBED_SWIFT_STANDARD_LIBRARIES = YES;
				CODE_SIGN_STYLE = Automatic;
				INFOPLIST_FILE = SwiftUITutorialsUITests/Info.plist;
				LD_RUNPATH_SEARCH_PATHS = (
					"$(inherited)",
					"@executable_path/Frameworks",
					"@loader_path/Frameworks",
				);
				PRODUCT_BUNDLE_IDENTIFIER = com.fitclub.SwiftUITutorialsUITests;
				PRODUCT_NAME = "$(TARGET_NAME)";
				SWIFT_VERSION = 5.0;
				TARGETED_DEVICE_FAMILY = "1,2";
				TEST_TARGET_NAME = SwiftUITutorials;
			};
			name = Release;
		};
/* End XCBuildConfiguration section */

/* Begin XCConfigurationList section */
		983D6E4C25DC1F17001F016F /* Build configuration list for PBXProject "SwiftUITutorials" */ = {
			isa = XCConfigurationList;
			buildConfigurations = (
				983D6E7C25DC1F19001F016F /* Debug */,
				983D6E7D25DC1F19001F016F /* Release */,
			);
			defaultConfigurationIsVisible = 0;
			defaultConfigurationName = Release;
		};
		983D6E7E25DC1F19001F016F /* Build configuration list for PBXNativeTarget "SwiftUITutorials" */ = {
			isa = XCConfigurationList;
			buildConfigurations = (
				983D6E7F25DC1F19001F016F /* Debug */,
				983D6E8025DC1F19001F016F /* Release */,
			);
			defaultConfigurationIsVisible = 0;
			defaultConfigurationName = Release;
		};
		983D6E8125DC1F19001F016F /* Build configuration list for PBXNativeTarget "SwiftUITutorialsTests" */ = {
			isa = XCConfigurationList;
			buildConfigurations = (
				983D6E8225DC1F19001F016F /* Debug */,
				983D6E8325DC1F19001F016F /* Release */,
			);
			defaultConfigurationIsVisible = 0;
			defaultConfigurationName = Release;
		};
		983D6E8425DC1F19001F016F /* Build configuration list for PBXNativeTarget "SwiftUITutorialsUITests" */ = {
			isa = XCConfigurationList;
			buildConfigurations = (
				983D6E8525DC1F19001F016F /* Debug */,
				983D6E8625DC1F19001F016F /* Release */,
			);
			defaultConfigurationIsVisible = 0;
			defaultConfigurationName = Release;
		};
/* End XCConfigurationList section */

/* Begin XCVersionGroup section */
		983D6E5A25DC1F17001F016F /* SwiftUITutorials.xcdatamodeld */ = {
			isa = XCVersionGroup;
			children = (
				983D6E5B25DC1F17001F016F /* SwiftUITutorials.xcdatamodel */,
			);
			currentVersion = 983D6E5B25DC1F17001F016F /* SwiftUITutorials.xcdatamodel */;
			path = SwiftUITutorials.xcdatamodeld;
			sourceTree = "<group>";
			versionGroupType = wrapper.xcdatamodel;
		};
/* End XCVersionGroup section */
	};
	rootObject = 983D6E4925DC1F17001F016F /* Project object */;
}
